// !$*UTF8*$!
{
	archiveVersion = 1;
	classes = {
	};
	objectVersion = 56;
	objects = {

/* Begin PBXBuildFile section */
		280944C62B5C6156009B8FE1 /* ImagePicker.swift in Sources */ = {isa = PBXBuildFile; fileRef = 280944C52B5C6156009B8FE1 /* ImagePicker.swift */; };
		280944CA2B5C7262009B8FE1 /* ConversationCell.swift in Sources */ = {isa = PBXBuildFile; fileRef = 280944C92B5C7262009B8FE1 /* ConversationCell.swift */; };
		280944CE2B5C794A009B8FE1 /* NewMessageView.swift in Sources */ = {isa = PBXBuildFile; fileRef = 280944CD2B5C794A009B8FE1 /* NewMessageView.swift */; };
		280944D02B5C7961009B8FE1 /* UserCell.swift in Sources */ = {isa = PBXBuildFile; fileRef = 280944CF2B5C7961009B8FE1 /* UserCell.swift */; };
		280944D22B5C8B20009B8FE1 /* SearchBar.swift in Sources */ = {isa = PBXBuildFile; fileRef = 280944D12B5C8B20009B8FE1 /* SearchBar.swift */; };
		280944D42B5D35B0009B8FE1 /* ChatBubble.swift in Sources */ = {isa = PBXBuildFile; fileRef = 280944D32B5D35B0009B8FE1 /* ChatBubble.swift */; };
		280944D62B5D368F009B8FE1 /* MesssageView.swift in Sources */ = {isa = PBXBuildFile; fileRef = 280944D52B5D368F009B8FE1 /* MesssageView.swift */; };
		280944D82B5D3A11009B8FE1 /* CustomInputView.swift in Sources */ = {isa = PBXBuildFile; fileRef = 280944D72B5D3A11009B8FE1 /* CustomInputView.swift */; };
		2821D3752B629A8A009B7A76 /* AuthViewModel.swift in Sources */ = {isa = PBXBuildFile; fileRef = 2821D3742B629A8A009B7A76 /* AuthViewModel.swift */; };
		285DE0BC2B597499002D7E7B /* MessengerApp.swift in Sources */ = {isa = PBXBuildFile; fileRef = 285DE0BB2B597499002D7E7B /* MessengerApp.swift */; };
		285DE0BE2B597499002D7E7B /* ContentView.swift in Sources */ = {isa = PBXBuildFile; fileRef = 285DE0BD2B597499002D7E7B /* ContentView.swift */; };
		285DE0C02B59749B002D7E7B /* Assets.xcassets in Resources */ = {isa = PBXBuildFile; fileRef = 285DE0BF2B59749B002D7E7B /* Assets.xcassets */; };
		285DE0C32B59749B002D7E7B /* Preview Assets.xcassets in Resources */ = {isa = PBXBuildFile; fileRef = 285DE0C22B59749B002D7E7B /* Preview Assets.xcassets */; };
		285DE0D02B59754B002D7E7B /* LoginView.swift in Sources */ = {isa = PBXBuildFile; fileRef = 285DE0CF2B59754B002D7E7B /* LoginView.swift */; };
		285DE0D22B59755A002D7E7B /* RegistrationView.swift in Sources */ = {isa = PBXBuildFile; fileRef = 285DE0D12B59755A002D7E7B /* RegistrationView.swift */; };
		285DE0EF2B5980BB002D7E7B /* View+.swift in Sources */ = {isa = PBXBuildFile; fileRef = 285DE0EE2B5980BB002D7E7B /* View+.swift */; };
		285DE0F22B59906B002D7E7B /* SubmitButton.swift in Sources */ = {isa = PBXBuildFile; fileRef = 285DE0F12B59906B002D7E7B /* SubmitButton.swift */; };
		285DE0F42B5990D2002D7E7B /* CustomTextField.swift in Sources */ = {isa = PBXBuildFile; fileRef = 285DE0F32B5990D2002D7E7B /* CustomTextField.swift */; };
		285DE0F72B59B5BA002D7E7B /* MainTabView.swift in Sources */ = {isa = PBXBuildFile; fileRef = 285DE0F62B59B5BA002D7E7B /* MainTabView.swift */; };
		285DE0FC2B59D792002D7E7B /* ChannelsView.swift in Sources */ = {isa = PBXBuildFile; fileRef = 285DE0FB2B59D792002D7E7B /* ChannelsView.swift */; };
		285DE0FE2B59D7BC002D7E7B /* ChatsView.swift in Sources */ = {isa = PBXBuildFile; fileRef = 285DE0FD2B59D7BC002D7E7B /* ChatsView.swift */; };
		285DE1002B59D7D4002D7E7B /* SettingsView.swift in Sources */ = {isa = PBXBuildFile; fileRef = 285DE0FF2B59D7D4002D7E7B /* SettingsView.swift */; };
		285DE1032B59D842002D7E7B /* ConversationView.swift in Sources */ = {isa = PBXBuildFile; fileRef = 285DE1022B59D842002D7E7B /* ConversationView.swift */; };
		285DE1052B59DFB1002D7E7B /* SettingHeader.swift in Sources */ = {isa = PBXBuildFile; fileRef = 285DE1042B59DFB1002D7E7B /* SettingHeader.swift */; };
		285DE1072B59E02F002D7E7B /* SettingCell.swift in Sources */ = {isa = PBXBuildFile; fileRef = 285DE1062B59E02F002D7E7B /* SettingCell.swift */; };
		285DE1092B59E634002D7E7B /* SettingsCellViewModel.swift in Sources */ = {isa = PBXBuildFile; fileRef = 285DE1082B59E634002D7E7B /* SettingsCellViewModel.swift */; };
		285DE10B2B59EE36002D7E7B /* EditProfileView.swift in Sources */ = {isa = PBXBuildFile; fileRef = 285DE10A2B59EE36002D7E7B /* EditProfileView.swift */; };
		286966682B5D3C8A0092BF67 /* Message.swift in Sources */ = {isa = PBXBuildFile; fileRef = 286966672B5D3C8A0092BF67 /* Message.swift */; };
		2869666A2B5D3CEE0092BF67 /* ChatViewModel.swift in Sources */ = {isa = PBXBuildFile; fileRef = 286966692B5D3CEE0092BF67 /* ChatViewModel.swift */; };
		2869666C2B5D41440092BF67 /* GoogleService-Info.plist in Resources */ = {isa = PBXBuildFile; fileRef = 2869666B2B5D41440092BF67 /* GoogleService-Info.plist */; };
		2869666F2B5D41EA0092BF67 /* FirebaseAnalytics in Frameworks */ = {isa = PBXBuildFile; productRef = 2869666E2B5D41EA0092BF67 /* FirebaseAnalytics */; };
		286966712B5D41EA0092BF67 /* FirebaseAnalyticsOnDeviceConversion in Frameworks */ = {isa = PBXBuildFile; productRef = 286966702B5D41EA0092BF67 /* FirebaseAnalyticsOnDeviceConversion */; };
		286966732B5D41EA0092BF67 /* FirebaseAnalyticsSwift in Frameworks */ = {isa = PBXBuildFile; productRef = 286966722B5D41EA0092BF67 /* FirebaseAnalyticsSwift */; };
		286966752B5D41EA0092BF67 /* FirebaseAnalyticsWithoutAdIdSupport in Frameworks */ = {isa = PBXBuildFile; productRef = 286966742B5D41EA0092BF67 /* FirebaseAnalyticsWithoutAdIdSupport */; };
		286966772B5D41EA0092BF67 /* FirebaseAppCheck in Frameworks */ = {isa = PBXBuildFile; productRef = 286966762B5D41EA0092BF67 /* FirebaseAppCheck */; };
		286966792B5D41EA0092BF67 /* FirebaseAppDistribution-Beta in Frameworks */ = {isa = PBXBuildFile; productRef = 286966782B5D41EA0092BF67 /* FirebaseAppDistribution-Beta */; };
		2869667B2B5D41EA0092BF67 /* FirebaseAuth in Frameworks */ = {isa = PBXBuildFile; productRef = 2869667A2B5D41EA0092BF67 /* FirebaseAuth */; };
		2869667D2B5D41EA0092BF67 /* FirebaseAuthCombine-Community in Frameworks */ = {isa = PBXBuildFile; productRef = 2869667C2B5D41EA0092BF67 /* FirebaseAuthCombine-Community */; };
		2869667F2B5D41EA0092BF67 /* FirebaseCrashlytics in Frameworks */ = {isa = PBXBuildFile; productRef = 2869667E2B5D41EA0092BF67 /* FirebaseCrashlytics */; };
		286966812B5D41EA0092BF67 /* FirebaseDatabase in Frameworks */ = {isa = PBXBuildFile; productRef = 286966802B5D41EA0092BF67 /* FirebaseDatabase */; };
		286966832B5D41EA0092BF67 /* FirebaseDatabaseSwift in Frameworks */ = {isa = PBXBuildFile; productRef = 286966822B5D41EA0092BF67 /* FirebaseDatabaseSwift */; };
		286966852B5D41EA0092BF67 /* FirebaseDynamicLinks in Frameworks */ = {isa = PBXBuildFile; productRef = 286966842B5D41EA0092BF67 /* FirebaseDynamicLinks */; };
		286966872B5D41EA0092BF67 /* FirebaseFirestore in Frameworks */ = {isa = PBXBuildFile; productRef = 286966862B5D41EA0092BF67 /* FirebaseFirestore */; };
		286966892B5D41EA0092BF67 /* FirebaseFirestoreCombine-Community in Frameworks */ = {isa = PBXBuildFile; productRef = 286966882B5D41EA0092BF67 /* FirebaseFirestoreCombine-Community */; };
		2869668B2B5D41EA0092BF67 /* FirebaseFirestoreSwift in Frameworks */ = {isa = PBXBuildFile; productRef = 2869668A2B5D41EA0092BF67 /* FirebaseFirestoreSwift */; };
		2869668D2B5D41EA0092BF67 /* FirebaseFunctions in Frameworks */ = {isa = PBXBuildFile; productRef = 2869668C2B5D41EA0092BF67 /* FirebaseFunctions */; };
		2869668F2B5D41EA0092BF67 /* FirebaseFunctionsCombine-Community in Frameworks */ = {isa = PBXBuildFile; productRef = 2869668E2B5D41EA0092BF67 /* FirebaseFunctionsCombine-Community */; };
		286966912B5D41EA0092BF67 /* FirebaseInAppMessaging-Beta in Frameworks */ = {isa = PBXBuildFile; productRef = 286966902B5D41EA0092BF67 /* FirebaseInAppMessaging-Beta */; };
		286966932B5D41EA0092BF67 /* FirebaseInAppMessagingSwift-Beta in Frameworks */ = {isa = PBXBuildFile; productRef = 286966922B5D41EA0092BF67 /* FirebaseInAppMessagingSwift-Beta */; };
		286966952B5D41EA0092BF67 /* FirebaseInstallations in Frameworks */ = {isa = PBXBuildFile; productRef = 286966942B5D41EA0092BF67 /* FirebaseInstallations */; };
		286966972B5D41EA0092BF67 /* FirebaseMLModelDownloader in Frameworks */ = {isa = PBXBuildFile; productRef = 286966962B5D41EA0092BF67 /* FirebaseMLModelDownloader */; };
		286966992B5D41EA0092BF67 /* FirebaseMessaging in Frameworks */ = {isa = PBXBuildFile; productRef = 286966982B5D41EA0092BF67 /* FirebaseMessaging */; };
		2869669B2B5D41EA0092BF67 /* FirebasePerformance in Frameworks */ = {isa = PBXBuildFile; productRef = 2869669A2B5D41EA0092BF67 /* FirebasePerformance */; };
		2869669D2B5D41EA0092BF67 /* FirebaseRemoteConfig in Frameworks */ = {isa = PBXBuildFile; productRef = 2869669C2B5D41EA0092BF67 /* FirebaseRemoteConfig */; };
		2869669F2B5D41EA0092BF67 /* FirebaseRemoteConfigSwift in Frameworks */ = {isa = PBXBuildFile; productRef = 2869669E2B5D41EA0092BF67 /* FirebaseRemoteConfigSwift */; };
		286966A12B5D41EA0092BF67 /* FirebaseStorage in Frameworks */ = {isa = PBXBuildFile; productRef = 286966A02B5D41EA0092BF67 /* FirebaseStorage */; };
		286966A32B5D41EA0092BF67 /* FirebaseStorageCombine-Community in Frameworks */ = {isa = PBXBuildFile; productRef = 286966A22B5D41EA0092BF67 /* FirebaseStorageCombine-Community */; };
		287537632B5C0B85006368D6 /* StatusSelectorView.swift in Sources */ = {isa = PBXBuildFile; fileRef = 287537622B5C0B85006368D6 /* StatusSelectorView.swift */; };
		287537652B5C10A4006368D6 /* UserStatus.swift in Sources */ = {isa = PBXBuildFile; fileRef = 287537642B5C10A4006368D6 /* UserStatus.swift */; };
/* End PBXBuildFile section */

/* Begin PBXFileReference section */
		280944C52B5C6156009B8FE1 /* ImagePicker.swift */ = {isa = PBXFileReference; lastKnownFileType = sourcecode.swift; path = ImagePicker.swift; sourceTree = "<group>"; };
		280944C92B5C7262009B8FE1 /* ConversationCell.swift */ = {isa = PBXFileReference; lastKnownFileType = sourcecode.swift; path = ConversationCell.swift; sourceTree = "<group>"; };
		280944CD2B5C794A009B8FE1 /* NewMessageView.swift */ = {isa = PBXFileReference; lastKnownFileType = sourcecode.swift; path = NewMessageView.swift; sourceTree = "<group>"; };
		280944CF2B5C7961009B8FE1 /* UserCell.swift */ = {isa = PBXFileReference; lastKnownFileType = sourcecode.swift; path = UserCell.swift; sourceTree = "<group>"; };
		280944D12B5C8B20009B8FE1 /* SearchBar.swift */ = {isa = PBXFileReference; lastKnownFileType = sourcecode.swift; path = SearchBar.swift; sourceTree = "<group>"; };
		280944D32B5D35B0009B8FE1 /* ChatBubble.swift */ = {isa = PBXFileReference; lastKnownFileType = sourcecode.swift; path = ChatBubble.swift; sourceTree = "<group>"; };
		280944D52B5D368F009B8FE1 /* MesssageView.swift */ = {isa = PBXFileReference; lastKnownFileType = sourcecode.swift; path = MesssageView.swift; sourceTree = "<group>"; };
		280944D72B5D3A11009B8FE1 /* CustomInputView.swift */ = {isa = PBXFileReference; lastKnownFileType = sourcecode.swift; path = CustomInputView.swift; sourceTree = "<group>"; };
		2821D3742B629A8A009B7A76 /* AuthViewModel.swift */ = {isa = PBXFileReference; lastKnownFileType = sourcecode.swift; path = AuthViewModel.swift; sourceTree = "<group>"; };
		285DE0B82B597499002D7E7B /* Messenger.app */ = {isa = PBXFileReference; explicitFileType = wrapper.application; includeInIndex = 0; path = Messenger.app; sourceTree = BUILT_PRODUCTS_DIR; };
		285DE0BB2B597499002D7E7B /* MessengerApp.swift */ = {isa = PBXFileReference; lastKnownFileType = sourcecode.swift; path = MessengerApp.swift; sourceTree = "<group>"; };
		285DE0BD2B597499002D7E7B /* ContentView.swift */ = {isa = PBXFileReference; lastKnownFileType = sourcecode.swift; path = ContentView.swift; sourceTree = "<group>"; };
		285DE0BF2B59749B002D7E7B /* Assets.xcassets */ = {isa = PBXFileReference; lastKnownFileType = folder.assetcatalog; path = Assets.xcassets; sourceTree = "<group>"; };
		285DE0C22B59749B002D7E7B /* Preview Assets.xcassets */ = {isa = PBXFileReference; lastKnownFileType = folder.assetcatalog; path = "Preview Assets.xcassets"; sourceTree = "<group>"; };
		285DE0CF2B59754B002D7E7B /* LoginView.swift */ = {isa = PBXFileReference; lastKnownFileType = sourcecode.swift; path = LoginView.swift; sourceTree = "<group>"; };
		285DE0D12B59755A002D7E7B /* RegistrationView.swift */ = {isa = PBXFileReference; lastKnownFileType = sourcecode.swift; path = RegistrationView.swift; sourceTree = "<group>"; };
		285DE0EE2B5980BB002D7E7B /* View+.swift */ = {isa = PBXFileReference; lastKnownFileType = sourcecode.swift; path = "View+.swift"; sourceTree = "<group>"; };
		285DE0F12B59906B002D7E7B /* SubmitButton.swift */ = {isa = PBXFileReference; lastKnownFileType = sourcecode.swift; path = SubmitButton.swift; sourceTree = "<group>"; };
		285DE0F32B5990D2002D7E7B /* CustomTextField.swift */ = {isa = PBXFileReference; lastKnownFileType = sourcecode.swift; path = CustomTextField.swift; sourceTree = "<group>"; };
		285DE0F62B59B5BA002D7E7B /* MainTabView.swift */ = {isa = PBXFileReference; lastKnownFileType = sourcecode.swift; path = MainTabView.swift; sourceTree = "<group>"; };
		285DE0FB2B59D792002D7E7B /* ChannelsView.swift */ = {isa = PBXFileReference; lastKnownFileType = sourcecode.swift; path = ChannelsView.swift; sourceTree = "<group>"; };
		285DE0FD2B59D7BC002D7E7B /* ChatsView.swift */ = {isa = PBXFileReference; lastKnownFileType = sourcecode.swift; path = ChatsView.swift; sourceTree = "<group>"; };
		285DE0FF2B59D7D4002D7E7B /* SettingsView.swift */ = {isa = PBXFileReference; lastKnownFileType = sourcecode.swift; path = SettingsView.swift; sourceTree = "<group>"; };
		285DE1022B59D842002D7E7B /* ConversationView.swift */ = {isa = PBXFileReference; lastKnownFileType = sourcecode.swift; path = ConversationView.swift; sourceTree = "<group>"; };
		285DE1042B59DFB1002D7E7B /* SettingHeader.swift */ = {isa = PBXFileReference; lastKnownFileType = sourcecode.swift; path = SettingHeader.swift; sourceTree = "<group>"; };
		285DE1062B59E02F002D7E7B /* SettingCell.swift */ = {isa = PBXFileReference; lastKnownFileType = sourcecode.swift; path = SettingCell.swift; sourceTree = "<group>"; };
		285DE1082B59E634002D7E7B /* SettingsCellViewModel.swift */ = {isa = PBXFileReference; lastKnownFileType = sourcecode.swift; path = SettingsCellViewModel.swift; sourceTree = "<group>"; };
		285DE10A2B59EE36002D7E7B /* EditProfileView.swift */ = {isa = PBXFileReference; lastKnownFileType = sourcecode.swift; path = EditProfileView.swift; sourceTree = "<group>"; };
		286966672B5D3C8A0092BF67 /* Message.swift */ = {isa = PBXFileReference; lastKnownFileType = sourcecode.swift; path = Message.swift; sourceTree = "<group>"; };
		286966692B5D3CEE0092BF67 /* ChatViewModel.swift */ = {isa = PBXFileReference; lastKnownFileType = sourcecode.swift; path = ChatViewModel.swift; sourceTree = "<group>"; };
		2869666B2B5D41440092BF67 /* GoogleService-Info.plist */ = {isa = PBXFileReference; lastKnownFileType = text.plist; path = "GoogleService-Info.plist"; sourceTree = SOURCE_ROOT; };
		287537622B5C0B85006368D6 /* StatusSelectorView.swift */ = {isa = PBXFileReference; lastKnownFileType = sourcecode.swift; path = StatusSelectorView.swift; sourceTree = "<group>"; };
		287537642B5C10A4006368D6 /* UserStatus.swift */ = {isa = PBXFileReference; lastKnownFileType = sourcecode.swift; path = UserStatus.swift; sourceTree = "<group>"; };
/* End PBXFileReference section */

/* Begin PBXFrameworksBuildPhase section */
		285DE0B52B597499002D7E7B /* Frameworks */ = {
			isa = PBXFrameworksBuildPhase;
			buildActionMask = 2147483647;
			files = (
				286966812B5D41EA0092BF67 /* FirebaseDatabase in Frameworks */,
				2869668F2B5D41EA0092BF67 /* FirebaseFunctionsCombine-Community in Frameworks */,
				286966872B5D41EA0092BF67 /* FirebaseFirestore in Frameworks */,
				286966732B5D41EA0092BF67 /* FirebaseAnalyticsSwift in Frameworks */,
				2869666F2B5D41EA0092BF67 /* FirebaseAnalytics in Frameworks */,
				286966712B5D41EA0092BF67 /* FirebaseAnalyticsOnDeviceConversion in Frameworks */,
				286966972B5D41EA0092BF67 /* FirebaseMLModelDownloader in Frameworks */,
				2869668B2B5D41EA0092BF67 /* FirebaseFirestoreSwift in Frameworks */,
				286966772B5D41EA0092BF67 /* FirebaseAppCheck in Frameworks */,
				286966752B5D41EA0092BF67 /* FirebaseAnalyticsWithoutAdIdSupport in Frameworks */,
				2869667B2B5D41EA0092BF67 /* FirebaseAuth in Frameworks */,
				2869667F2B5D41EA0092BF67 /* FirebaseCrashlytics in Frameworks */,
				2869669F2B5D41EA0092BF67 /* FirebaseRemoteConfigSwift in Frameworks */,
				286966912B5D41EA0092BF67 /* FirebaseInAppMessaging-Beta in Frameworks */,
				286966832B5D41EA0092BF67 /* FirebaseDatabaseSwift in Frameworks */,
				2869668D2B5D41EA0092BF67 /* FirebaseFunctions in Frameworks */,
				286966A32B5D41EA0092BF67 /* FirebaseStorageCombine-Community in Frameworks */,
				2869669D2B5D41EA0092BF67 /* FirebaseRemoteConfig in Frameworks */,
				286966792B5D41EA0092BF67 /* FirebaseAppDistribution-Beta in Frameworks */,
				2869667D2B5D41EA0092BF67 /* FirebaseAuthCombine-Community in Frameworks */,
				2869669B2B5D41EA0092BF67 /* FirebasePerformance in Frameworks */,
				286966932B5D41EA0092BF67 /* FirebaseInAppMessagingSwift-Beta in Frameworks */,
				286966A12B5D41EA0092BF67 /* FirebaseStorage in Frameworks */,
				286966852B5D41EA0092BF67 /* FirebaseDynamicLinks in Frameworks */,
				286966892B5D41EA0092BF67 /* FirebaseFirestoreCombine-Community in Frameworks */,
				286966992B5D41EA0092BF67 /* FirebaseMessaging in Frameworks */,
				286966952B5D41EA0092BF67 /* FirebaseInstallations in Frameworks */,
			);
			runOnlyForDeploymentPostprocessing = 0;
		};
/* End PBXFrameworksBuildPhase section */

/* Begin PBXGroup section */
		285DE0AF2B597499002D7E7B = {
			isa = PBXGroup;
			children = (
				285DE0BA2B597499002D7E7B /* Messenger */,
				285DE0B92B597499002D7E7B /* Products */,
			);
			sourceTree = "<group>";
		};
		285DE0B92B597499002D7E7B /* Products */ = {
			isa = PBXGroup;
			children = (
				285DE0B82B597499002D7E7B /* Messenger.app */,
			);
			name = Products;
			sourceTree = "<group>";
		};
		285DE0BA2B597499002D7E7B /* Messenger */ = {
			isa = PBXGroup;
			children = (
				285DE0CD2B5974EF002D7E7B /* Model */,
				285DE0CC2B5974EE002D7E7B /* View */,
				285DE0CB2B5974ED002D7E7B /* ViewModel */,
				285DE0CA2B5974EB002D7E7B /* API */,
				285DE0ED2B5980A4002D7E7B /* Extension */,
				285DE0C92B5974E1002D7E7B /* Utilities */,
				285DE0BB2B597499002D7E7B /* MessengerApp.swift */,
				285DE0BD2B597499002D7E7B /* ContentView.swift */,
				2869666B2B5D41440092BF67 /* GoogleService-Info.plist */,
				285DE0BF2B59749B002D7E7B /* Assets.xcassets */,
				285DE0C12B59749B002D7E7B /* Preview Content */,
			);
			path = Messenger;
			sourceTree = "<group>";
		};
		285DE0C12B59749B002D7E7B /* Preview Content */ = {
			isa = PBXGroup;
			children = (
				285DE0C22B59749B002D7E7B /* Preview Assets.xcassets */,
			);
			path = "Preview Content";
			sourceTree = "<group>";
		};
		285DE0C92B5974E1002D7E7B /* Utilities */ = {
			isa = PBXGroup;
			children = (
				280944C52B5C6156009B8FE1 /* ImagePicker.swift */,
				280944D12B5C8B20009B8FE1 /* SearchBar.swift */,
			);
			path = Utilities;
			sourceTree = "<group>";
		};
		285DE0CA2B5974EB002D7E7B /* API */ = {
			isa = PBXGroup;
			children = (
			);
			path = API;
			sourceTree = "<group>";
		};
		285DE0CB2B5974ED002D7E7B /* ViewModel */ = {
			isa = PBXGroup;
			children = (
				285DE1082B59E634002D7E7B /* SettingsCellViewModel.swift */,
				287537642B5C10A4006368D6 /* UserStatus.swift */,
				286966692B5D3CEE0092BF67 /* ChatViewModel.swift */,
				2821D3742B629A8A009B7A76 /* AuthViewModel.swift */,
			);
			path = ViewModel;
			sourceTree = "<group>";
		};
		285DE0CC2B5974EE002D7E7B /* View */ = {
			isa = PBXGroup;
			children = (
				285DE1012B59D829002D7E7B /* Conversations */,
				285DE0FA2B59D777002D7E7B /* Settings */,
				285DE0F92B59D771002D7E7B /* Chat */,
				285DE0F82B59D75E002D7E7B /* Channels */,
				285DE0F52B59B5AA002D7E7B /* Main */,
				285DE0F02B59904B002D7E7B /* Components */,
				285DE0CE2B59752C002D7E7B /* Authentication */,
			);
			path = View;
			sourceTree = "<group>";
		};
		285DE0CD2B5974EF002D7E7B /* Model */ = {
			isa = PBXGroup;
			children = (
				286966672B5D3C8A0092BF67 /* Message.swift */,
			);
			path = Model;
			sourceTree = "<group>";
		};
		285DE0CE2B59752C002D7E7B /* Authentication */ = {
			isa = PBXGroup;
			children = (
				285DE0CF2B59754B002D7E7B /* LoginView.swift */,
				285DE0D12B59755A002D7E7B /* RegistrationView.swift */,
			);
			path = Authentication;
			sourceTree = "<group>";
		};
		285DE0ED2B5980A4002D7E7B /* Extension */ = {
			isa = PBXGroup;
			children = (
				285DE0EE2B5980BB002D7E7B /* View+.swift */,
			);
			name = Extension;
			path = Utilities;
			sourceTree = "<group>";
		};
		285DE0F02B59904B002D7E7B /* Components */ = {
			isa = PBXGroup;
			children = (
				285DE0F12B59906B002D7E7B /* SubmitButton.swift */,
				285DE0F32B5990D2002D7E7B /* CustomTextField.swift */,
			);
			path = Components;
			sourceTree = "<group>";
		};
		285DE0F52B59B5AA002D7E7B /* Main */ = {
			isa = PBXGroup;
			children = (
				285DE0F62B59B5BA002D7E7B /* MainTabView.swift */,
			);
			path = Main;
			sourceTree = "<group>";
		};
		285DE0F82B59D75E002D7E7B /* Channels */ = {
			isa = PBXGroup;
			children = (
				285DE0FB2B59D792002D7E7B /* ChannelsView.swift */,
			);
			path = Channels;
			sourceTree = "<group>";
		};
		285DE0F92B59D771002D7E7B /* Chat */ = {
			isa = PBXGroup;
			children = (
				285DE0FD2B59D7BC002D7E7B /* ChatsView.swift */,
				280944D32B5D35B0009B8FE1 /* ChatBubble.swift */,
				280944D52B5D368F009B8FE1 /* MesssageView.swift */,
				280944D72B5D3A11009B8FE1 /* CustomInputView.swift */,
			);
			path = Chat;
			sourceTree = "<group>";
		};
		285DE0FA2B59D777002D7E7B /* Settings */ = {
			isa = PBXGroup;
			children = (
				285DE0FF2B59D7D4002D7E7B /* SettingsView.swift */,
				285DE1062B59E02F002D7E7B /* SettingCell.swift */,
				285DE1042B59DFB1002D7E7B /* SettingHeader.swift */,
				285DE10A2B59EE36002D7E7B /* EditProfileView.swift */,
				287537622B5C0B85006368D6 /* StatusSelectorView.swift */,
			);
			path = Settings;
			sourceTree = "<group>";
		};
		285DE1012B59D829002D7E7B /* Conversations */ = {
			isa = PBXGroup;
			children = (
				285DE1022B59D842002D7E7B /* ConversationView.swift */,
				280944C92B5C7262009B8FE1 /* ConversationCell.swift */,
				280944CD2B5C794A009B8FE1 /* NewMessageView.swift */,
				280944CF2B5C7961009B8FE1 /* UserCell.swift */,
			);
			path = Conversations;
			sourceTree = "<group>";
		};
/* End PBXGroup section */

/* Begin PBXNativeTarget section */
		285DE0B72B597499002D7E7B /* Messenger */ = {
			isa = PBXNativeTarget;
			buildConfigurationList = 285DE0C62B59749B002D7E7B /* Build configuration list for PBXNativeTarget "Messenger" */;
			buildPhases = (
				285DE0B42B597499002D7E7B /* Sources */,
				285DE0B52B597499002D7E7B /* Frameworks */,
				285DE0B62B597499002D7E7B /* Resources */,
			);
			buildRules = (
			);
			dependencies = (
			);
			name = Messenger;
			packageProductDependencies = (
				2869666E2B5D41EA0092BF67 /* FirebaseAnalytics */,
				286966702B5D41EA0092BF67 /* FirebaseAnalyticsOnDeviceConversion */,
				286966722B5D41EA0092BF67 /* FirebaseAnalyticsSwift */,
				286966742B5D41EA0092BF67 /* FirebaseAnalyticsWithoutAdIdSupport */,
				286966762B5D41EA0092BF67 /* FirebaseAppCheck */,
				286966782B5D41EA0092BF67 /* FirebaseAppDistribution-Beta */,
				2869667A2B5D41EA0092BF67 /* FirebaseAuth */,
				2869667C2B5D41EA0092BF67 /* FirebaseAuthCombine-Community */,
				2869667E2B5D41EA0092BF67 /* FirebaseCrashlytics */,
				286966802B5D41EA0092BF67 /* FirebaseDatabase */,
				286966822B5D41EA0092BF67 /* FirebaseDatabaseSwift */,
				286966842B5D41EA0092BF67 /* FirebaseDynamicLinks */,
				286966862B5D41EA0092BF67 /* FirebaseFirestore */,
				286966882B5D41EA0092BF67 /* FirebaseFirestoreCombine-Community */,
				2869668A2B5D41EA0092BF67 /* FirebaseFirestoreSwift */,
				2869668C2B5D41EA0092BF67 /* FirebaseFunctions */,
				2869668E2B5D41EA0092BF67 /* FirebaseFunctionsCombine-Community */,
				286966902B5D41EA0092BF67 /* FirebaseInAppMessaging-Beta */,
				286966922B5D41EA0092BF67 /* FirebaseInAppMessagingSwift-Beta */,
				286966942B5D41EA0092BF67 /* FirebaseInstallations */,
				286966962B5D41EA0092BF67 /* FirebaseMLModelDownloader */,
				286966982B5D41EA0092BF67 /* FirebaseMessaging */,
				2869669A2B5D41EA0092BF67 /* FirebasePerformance */,
				2869669C2B5D41EA0092BF67 /* FirebaseRemoteConfig */,
				2869669E2B5D41EA0092BF67 /* FirebaseRemoteConfigSwift */,
				286966A02B5D41EA0092BF67 /* FirebaseStorage */,
				286966A22B5D41EA0092BF67 /* FirebaseStorageCombine-Community */,
			);
			productName = Messenger;
			productReference = 285DE0B82B597499002D7E7B /* Messenger.app */;
			productType = "com.apple.product-type.application";
		};
/* End PBXNativeTarget section */

/* Begin PBXProject section */
		285DE0B02B597499002D7E7B /* Project object */ = {
			isa = PBXProject;
			attributes = {
				BuildIndependentTargetsInParallel = 1;
				LastSwiftUpdateCheck = 1510;
				LastUpgradeCheck = 1510;
				TargetAttributes = {
					285DE0B72B597499002D7E7B = {
						CreatedOnToolsVersion = 15.1;
					};
				};
			};
			buildConfigurationList = 285DE0B32B597499002D7E7B /* Build configuration list for PBXProject "Messenger" */;
			compatibilityVersion = "Xcode 14.0";
			developmentRegion = en;
			hasScannedForEncodings = 0;
			knownRegions = (
				en,
				Base,
			);
			mainGroup = 285DE0AF2B597499002D7E7B;
			packageReferences = (
				2869666D2B5D41EA0092BF67 /* XCRemoteSwiftPackageReference "firebase-ios-sdk" */,
			);
			productRefGroup = 285DE0B92B597499002D7E7B /* Products */;
			projectDirPath = "";
			projectRoot = "";
			targets = (
				285DE0B72B597499002D7E7B /* Messenger */,
			);
		};
/* End PBXProject section */

/* Begin PBXResourcesBuildPhase section */
		285DE0B62B597499002D7E7B /* Resources */ = {
			isa = PBXResourcesBuildPhase;
			buildActionMask = 2147483647;
			files = (
				285DE0C32B59749B002D7E7B /* Preview Assets.xcassets in Resources */,
				285DE0C02B59749B002D7E7B /* Assets.xcassets in Resources */,
				2869666C2B5D41440092BF67 /* GoogleService-Info.plist in Resources */,
			);
			runOnlyForDeploymentPostprocessing = 0;
		};
/* End PBXResourcesBuildPhase section */

/* Begin PBXSourcesBuildPhase section */
		285DE0B42B597499002D7E7B /* Sources */ = {
			isa = PBXSourcesBuildPhase;
			buildActionMask = 2147483647;
			files = (
				285DE0F42B5990D2002D7E7B /* CustomTextField.swift in Sources */,
				285DE1092B59E634002D7E7B /* SettingsCellViewModel.swift in Sources */,
				285DE10B2B59EE36002D7E7B /* EditProfileView.swift in Sources */,
				285DE0D02B59754B002D7E7B /* LoginView.swift in Sources */,
				280944D82B5D3A11009B8FE1 /* CustomInputView.swift in Sources */,
				285DE0FE2B59D7BC002D7E7B /* ChatsView.swift in Sources */,
				285DE0FC2B59D792002D7E7B /* ChannelsView.swift in Sources */,
				280944D62B5D368F009B8FE1 /* MesssageView.swift in Sources */,
				285DE1072B59E02F002D7E7B /* SettingCell.swift in Sources */,
				280944D42B5D35B0009B8FE1 /* ChatBubble.swift in Sources */,
				280944C62B5C6156009B8FE1 /* ImagePicker.swift in Sources */,
				280944CA2B5C7262009B8FE1 /* ConversationCell.swift in Sources */,
				280944CE2B5C794A009B8FE1 /* NewMessageView.swift in Sources */,
				285DE0F22B59906B002D7E7B /* SubmitButton.swift in Sources */,
				285DE0F72B59B5BA002D7E7B /* MainTabView.swift in Sources */,
				285DE0BE2B597499002D7E7B /* ContentView.swift in Sources */,
				287537632B5C0B85006368D6 /* StatusSelectorView.swift in Sources */,
				285DE0BC2B597499002D7E7B /* MessengerApp.swift in Sources */,
				285DE0EF2B5980BB002D7E7B /* View+.swift in Sources */,
				280944D22B5C8B20009B8FE1 /* SearchBar.swift in Sources */,
				285DE0D22B59755A002D7E7B /* RegistrationView.swift in Sources */,
				286966682B5D3C8A0092BF67 /* Message.swift in Sources */,
				2869666A2B5D3CEE0092BF67 /* ChatViewModel.swift in Sources */,
				285DE1002B59D7D4002D7E7B /* SettingsView.swift in Sources */,
				2821D3752B629A8A009B7A76 /* AuthViewModel.swift in Sources */,
				285DE1052B59DFB1002D7E7B /* SettingHeader.swift in Sources */,
				287537652B5C10A4006368D6 /* UserStatus.swift in Sources */,
				280944D02B5C7961009B8FE1 /* UserCell.swift in Sources */,
				285DE1032B59D842002D7E7B /* ConversationView.swift in Sources */,
			);
			runOnlyForDeploymentPostprocessing = 0;
		};
/* End PBXSourcesBuildPhase section */

/* Begin XCBuildConfiguration section */
		285DE0C42B59749B002D7E7B /* Debug */ = {
			isa = XCBuildConfiguration;
			buildSettings = {
				ALWAYS_SEARCH_USER_PATHS = NO;
				ASSETCATALOG_COMPILER_GENERATE_SWIFT_ASSET_SYMBOL_EXTENSIONS = YES;
				CLANG_ANALYZER_NONNULL = YES;
				CLANG_ANALYZER_NUMBER_OBJECT_CONVERSION = YES_AGGRESSIVE;
				CLANG_CXX_LANGUAGE_STANDARD = "gnu++20";
				CLANG_ENABLE_MODULES = YES;
				CLANG_ENABLE_OBJC_ARC = YES;
				CLANG_ENABLE_OBJC_WEAK = YES;
				CLANG_WARN_BLOCK_CAPTURE_AUTORELEASING = YES;
				CLANG_WARN_BOOL_CONVERSION = YES;
				CLANG_WARN_COMMA = YES;
				CLANG_WARN_CONSTANT_CONVERSION = YES;
				CLANG_WARN_DEPRECATED_OBJC_IMPLEMENTATIONS = YES;
				CLANG_WARN_DIRECT_OBJC_ISA_USAGE = YES_ERROR;
				CLANG_WARN_DOCUMENTATION_COMMENTS = YES;
				CLANG_WARN_EMPTY_BODY = YES;
				CLANG_WARN_ENUM_CONVERSION = YES;
				CLANG_WARN_INFINITE_RECURSION = YES;
				CLANG_WARN_INT_CONVERSION = YES;
				CLANG_WARN_NON_LITERAL_NULL_CONVERSION = YES;
				CLANG_WARN_OBJC_IMPLICIT_RETAIN_SELF = YES;
				CLANG_WARN_OBJC_LITERAL_CONVERSION = YES;
				CLANG_WARN_OBJC_ROOT_CLASS = YES_ERROR;
				CLANG_WARN_QUOTED_INCLUDE_IN_FRAMEWORK_HEADER = YES;
				CLANG_WARN_RANGE_LOOP_ANALYSIS = YES;
				CLANG_WARN_STRICT_PROTOTYPES = YES;
				CLANG_WARN_SUSPICIOUS_MOVE = YES;
				CLANG_WARN_UNGUARDED_AVAILABILITY = YES_AGGRESSIVE;
				CLANG_WARN_UNREACHABLE_CODE = YES;
				CLANG_WARN__DUPLICATE_METHOD_MATCH = YES;
				COPY_PHASE_STRIP = NO;
				DEBUG_INFORMATION_FORMAT = dwarf;
				ENABLE_STRICT_OBJC_MSGSEND = YES;
				ENABLE_TESTABILITY = YES;
				ENABLE_USER_SCRIPT_SANDBOXING = YES;
				GCC_C_LANGUAGE_STANDARD = gnu17;
				GCC_DYNAMIC_NO_PIC = NO;
				GCC_NO_COMMON_BLOCKS = YES;
				GCC_OPTIMIZATION_LEVEL = 0;
				GCC_PREPROCESSOR_DEFINITIONS = (
					"DEBUG=1",
					"$(inherited)",
				);
				GCC_WARN_64_TO_32_BIT_CONVERSION = YES;
				GCC_WARN_ABOUT_RETURN_TYPE = YES_ERROR;
				GCC_WARN_UNDECLARED_SELECTOR = YES;
				GCC_WARN_UNINITIALIZED_AUTOS = YES_AGGRESSIVE;
				GCC_WARN_UNUSED_FUNCTION = YES;
				GCC_WARN_UNUSED_VARIABLE = YES;
				IPHONEOS_DEPLOYMENT_TARGET = 17.2;
				LOCALIZATION_PREFERS_STRING_CATALOGS = YES;
				MTL_ENABLE_DEBUG_INFO = INCLUDE_SOURCE;
				MTL_FAST_MATH = YES;
				ONLY_ACTIVE_ARCH = YES;
				SDKROOT = iphoneos;
				SWIFT_ACTIVE_COMPILATION_CONDITIONS = "DEBUG $(inherited)";
				SWIFT_OPTIMIZATION_LEVEL = "-Onone";
			};
			name = Debug;
		};
		285DE0C52B59749B002D7E7B /* Release */ = {
			isa = XCBuildConfiguration;
			buildSettings = {
				ALWAYS_SEARCH_USER_PATHS = NO;
				ASSETCATALOG_COMPILER_GENERATE_SWIFT_ASSET_SYMBOL_EXTENSIONS = YES;
				CLANG_ANALYZER_NONNULL = YES;
				CLANG_ANALYZER_NUMBER_OBJECT_CONVERSION = YES_AGGRESSIVE;
				CLANG_CXX_LANGUAGE_STANDARD = "gnu++20";
				CLANG_ENABLE_MODULES = YES;
				CLANG_ENABLE_OBJC_ARC = YES;
				CLANG_ENABLE_OBJC_WEAK = YES;
				CLANG_WARN_BLOCK_CAPTURE_AUTORELEASING = YES;
				CLANG_WARN_BOOL_CONVERSION = YES;
				CLANG_WARN_COMMA = YES;
				CLANG_WARN_CONSTANT_CONVERSION = YES;
				CLANG_WARN_DEPRECATED_OBJC_IMPLEMENTATIONS = YES;
				CLANG_WARN_DIRECT_OBJC_ISA_USAGE = YES_ERROR;
				CLANG_WARN_DOCUMENTATION_COMMENTS = YES;
				CLANG_WARN_EMPTY_BODY = YES;
				CLANG_WARN_ENUM_CONVERSION = YES;
				CLANG_WARN_INFINITE_RECURSION = YES;
				CLANG_WARN_INT_CONVERSION = YES;
				CLANG_WARN_NON_LITERAL_NULL_CONVERSION = YES;
				CLANG_WARN_OBJC_IMPLICIT_RETAIN_SELF = YES;
				CLANG_WARN_OBJC_LITERAL_CONVERSION = YES;
				CLANG_WARN_OBJC_ROOT_CLASS = YES_ERROR;
				CLANG_WARN_QUOTED_INCLUDE_IN_FRAMEWORK_HEADER = YES;
				CLANG_WARN_RANGE_LOOP_ANALYSIS = YES;
				CLANG_WARN_STRICT_PROTOTYPES = YES;
				CLANG_WARN_SUSPICIOUS_MOVE = YES;
				CLANG_WARN_UNGUARDED_AVAILABILITY = YES_AGGRESSIVE;
				CLANG_WARN_UNREACHABLE_CODE = YES;
				CLANG_WARN__DUPLICATE_METHOD_MATCH = YES;
				COPY_PHASE_STRIP = NO;
				DEBUG_INFORMATION_FORMAT = "dwarf-with-dsym";
				ENABLE_NS_ASSERTIONS = NO;
				ENABLE_STRICT_OBJC_MSGSEND = YES;
				ENABLE_USER_SCRIPT_SANDBOXING = YES;
				GCC_C_LANGUAGE_STANDARD = gnu17;
				GCC_NO_COMMON_BLOCKS = YES;
				GCC_WARN_64_TO_32_BIT_CONVERSION = YES;
				GCC_WARN_ABOUT_RETURN_TYPE = YES_ERROR;
				GCC_WARN_UNDECLARED_SELECTOR = YES;
				GCC_WARN_UNINITIALIZED_AUTOS = YES_AGGRESSIVE;
				GCC_WARN_UNUSED_FUNCTION = YES;
				GCC_WARN_UNUSED_VARIABLE = YES;
				IPHONEOS_DEPLOYMENT_TARGET = 17.2;
				LOCALIZATION_PREFERS_STRING_CATALOGS = YES;
				MTL_ENABLE_DEBUG_INFO = NO;
				MTL_FAST_MATH = YES;
				SDKROOT = iphoneos;
				SWIFT_COMPILATION_MODE = wholemodule;
				VALIDATE_PRODUCT = YES;
			};
			name = Release;
		};
		285DE0C72B59749B002D7E7B /* Debug */ = {
			isa = XCBuildConfiguration;
			buildSettings = {
				ASSETCATALOG_COMPILER_APPICON_NAME = AppIcon;
				ASSETCATALOG_COMPILER_GLOBAL_ACCENT_COLOR_NAME = AccentColor;
				CODE_SIGN_STYLE = Automatic;
				CURRENT_PROJECT_VERSION = 1;
				DEVELOPMENT_ASSET_PATHS = "\"Messenger/Preview Content\"";
				DEVELOPMENT_TEAM = 4DJRKPZ347;
				ENABLE_PREVIEWS = YES;
				GENERATE_INFOPLIST_FILE = YES;
				INFOPLIST_KEY_UIApplicationSceneManifest_Generation = YES;
				INFOPLIST_KEY_UIApplicationSupportsIndirectInputEvents = YES;
				INFOPLIST_KEY_UILaunchScreen_Generation = YES;
				INFOPLIST_KEY_UISupportedInterfaceOrientations_iPad = "UIInterfaceOrientationPortrait UIInterfaceOrientationPortraitUpsideDown UIInterfaceOrientationLandscapeLeft UIInterfaceOrientationLandscapeRight";
				INFOPLIST_KEY_UISupportedInterfaceOrientations_iPhone = "UIInterfaceOrientationPortrait UIInterfaceOrientationLandscapeLeft UIInterfaceOrientationLandscapeRight";
				IPHONEOS_DEPLOYMENT_TARGET = 15.0;
				LD_RUNPATH_SEARCH_PATHS = (
					"$(inherited)",
					"@executable_path/Frameworks",
				);
				MARKETING_VERSION = 1.0;
				PRODUCT_BUNDLE_IDENTIFIER = com.gmail.sashasolo23.Messenger;
				PRODUCT_NAME = "$(TARGET_NAME)";
				SWIFT_EMIT_LOC_STRINGS = YES;
				SWIFT_VERSION = 5.0;
				TARGETED_DEVICE_FAMILY = "1,2";
			};
			name = Debug;
		};
		285DE0C82B59749B002D7E7B /* Release */ = {
			isa = XCBuildConfiguration;
			buildSettings = {
				ASSETCATALOG_COMPILER_APPICON_NAME = AppIcon;
				ASSETCATALOG_COMPILER_GLOBAL_ACCENT_COLOR_NAME = AccentColor;
				CODE_SIGN_STYLE = Automatic;
				CURRENT_PROJECT_VERSION = 1;
				DEVELOPMENT_ASSET_PATHS = "\"Messenger/Preview Content\"";
				DEVELOPMENT_TEAM = 4DJRKPZ347;
				ENABLE_PREVIEWS = YES;
				GENERATE_INFOPLIST_FILE = YES;
				INFOPLIST_KEY_UIApplicationSceneManifest_Generation = YES;
				INFOPLIST_KEY_UIApplicationSupportsIndirectInputEvents = YES;
				INFOPLIST_KEY_UILaunchScreen_Generation = YES;
				INFOPLIST_KEY_UISupportedInterfaceOrientations_iPad = "UIInterfaceOrientationPortrait UIInterfaceOrientationPortraitUpsideDown UIInterfaceOrientationLandscapeLeft UIInterfaceOrientationLandscapeRight";
				INFOPLIST_KEY_UISupportedInterfaceOrientations_iPhone = "UIInterfaceOrientationPortrait UIInterfaceOrientationLandscapeLeft UIInterfaceOrientationLandscapeRight";
				IPHONEOS_DEPLOYMENT_TARGET = 15.0;
				LD_RUNPATH_SEARCH_PATHS = (
					"$(inherited)",
					"@executable_path/Frameworks",
				);
				MARKETING_VERSION = 1.0;
				PRODUCT_BUNDLE_IDENTIFIER = com.gmail.sashasolo23.Messenger;
				PRODUCT_NAME = "$(TARGET_NAME)";
				SWIFT_EMIT_LOC_STRINGS = YES;
				SWIFT_VERSION = 5.0;
				TARGETED_DEVICE_FAMILY = "1,2";
			};
			name = Release;
		};
/* End XCBuildConfiguration section */

/* Begin XCConfigurationList section */
		285DE0B32B597499002D7E7B /* Build configuration list for PBXProject "Messenger" */ = {
			isa = XCConfigurationList;
			buildConfigurations = (
				285DE0C42B59749B002D7E7B /* Debug */,
				285DE0C52B59749B002D7E7B /* Release */,
			);
			defaultConfigurationIsVisible = 0;
			defaultConfigurationName = Release;
		};
		285DE0C62B59749B002D7E7B /* Build configuration list for PBXNativeTarget "Messenger" */ = {
			isa = XCConfigurationList;
			buildConfigurations = (
				285DE0C72B59749B002D7E7B /* Debug */,
				285DE0C82B59749B002D7E7B /* Release */,
			);
			defaultConfigurationIsVisible = 0;
			defaultConfigurationName = Release;
		};
/* End XCConfigurationList section */

/* Begin XCRemoteSwiftPackageReference section */
		2869666D2B5D41EA0092BF67 /* XCRemoteSwiftPackageReference "firebase-ios-sdk" */ = {
			isa = XCRemoteSwiftPackageReference;
			repositoryURL = "https://github.com/firebase/firebase-ios-sdk.git";
			requirement = {
				kind = upToNextMajorVersion;
				minimumVersion = 10.20.0;
			};
		};
/* End XCRemoteSwiftPackageReference section */

/* Begin XCSwiftPackageProductDependency section */
		2869666E2B5D41EA0092BF67 /* FirebaseAnalytics */ = {
			isa = XCSwiftPackageProductDependency;
			package = 2869666D2B5D41EA0092BF67 /* XCRemoteSwiftPackageReference "firebase-ios-sdk" */;
			productName = FirebaseAnalytics;
		};
		286966702B5D41EA0092BF67 /* FirebaseAnalyticsOnDeviceConversion */ = {
			isa = XCSwiftPackageProductDependency;
			package = 2869666D2B5D41EA0092BF67 /* XCRemoteSwiftPackageReference "firebase-ios-sdk" */;
			productName = FirebaseAnalyticsOnDeviceConversion;
		};
		286966722B5D41EA0092BF67 /* FirebaseAnalyticsSwift */ = {
			isa = XCSwiftPackageProductDependency;
			package = 2869666D2B5D41EA0092BF67 /* XCRemoteSwiftPackageReference "firebase-ios-sdk" */;
			productName = FirebaseAnalyticsSwift;
		};
		286966742B5D41EA0092BF67 /* FirebaseAnalyticsWithoutAdIdSupport */ = {
			isa = XCSwiftPackageProductDependency;
			package = 2869666D2B5D41EA0092BF67 /* XCRemoteSwiftPackageReference "firebase-ios-sdk" */;
			productName = FirebaseAnalyticsWithoutAdIdSupport;
		};
		286966762B5D41EA0092BF67 /* FirebaseAppCheck */ = {
			isa = XCSwiftPackageProductDependency;
			package = 2869666D2B5D41EA0092BF67 /* XCRemoteSwiftPackageReference "firebase-ios-sdk" */;
			productName = FirebaseAppCheck;
		};
		286966782B5D41EA0092BF67 /* FirebaseAppDistribution-Beta */ = {
			isa = XCSwiftPackageProductDependency;
			package = 2869666D2B5D41EA0092BF67 /* XCRemoteSwiftPackageReference "firebase-ios-sdk" */;
			productName = "FirebaseAppDistribution-Beta";
		};
		2869667A2B5D41EA0092BF67 /* FirebaseAuth */ = {
			isa = XCSwiftPackageProductDependency;
			package = 2869666D2B5D41EA0092BF67 /* XCRemoteSwiftPackageReference "firebase-ios-sdk" */;
			productName = FirebaseAuth;
		};
		2869667C2B5D41EA0092BF67 /* FirebaseAuthCombine-Community */ = {
			isa = XCSwiftPackageProductDependency;
			package = 2869666D2B5D41EA0092BF67 /* XCRemoteSwiftPackageReference "firebase-ios-sdk" */;
			productName = "FirebaseAuthCombine-Community";
		};
		2869667E2B5D41EA0092BF67 /* FirebaseCrashlytics */ = {
			isa = XCSwiftPackageProductDependency;
			package = 2869666D2B5D41EA0092BF67 /* XCRemoteSwiftPackageReference "firebase-ios-sdk" */;
			productName = FirebaseCrashlytics;
		};
		286966802B5D41EA0092BF67 /* FirebaseDatabase */ = {
			isa = XCSwiftPackageProductDependency;
			package = 2869666D2B5D41EA0092BF67 /* XCRemoteSwiftPackageReference "firebase-ios-sdk" */;
			productName = FirebaseDatabase;
		};
		286966822B5D41EA0092BF67 /* FirebaseDatabaseSwift */ = {
			isa = XCSwiftPackageProductDependency;
			package = 2869666D2B5D41EA0092BF67 /* XCRemoteSwiftPackageReference "firebase-ios-sdk" */;
			productName = FirebaseDatabaseSwift;
		};
		286966842B5D41EA0092BF67 /* FirebaseDynamicLinks */ = {
			isa = XCSwiftPackageProductDependency;
			package = 2869666D2B5D41EA0092BF67 /* XCRemoteSwiftPackageReference "firebase-ios-sdk" */;
			productName = FirebaseDynamicLinks;
		};
		286966862B5D41EA0092BF67 /* FirebaseFirestore */ = {
			isa = XCSwiftPackageProductDependency;
			package = 2869666D2B5D41EA0092BF67 /* XCRemoteSwiftPackageReference "firebase-ios-sdk" */;
			productName = FirebaseFirestore;
		};
		286966882B5D41EA0092BF67 /* FirebaseFirestoreCombine-Community */ = {
			isa = XCSwiftPackageProductDependency;
			package = 2869666D2B5D41EA0092BF67 /* XCRemoteSwiftPackageReference "firebase-ios-sdk" */;
			productName = "FirebaseFirestoreCombine-Community";
		};
		2869668A2B5D41EA0092BF67 /* FirebaseFirestoreSwift */ = {
			isa = XCSwiftPackageProductDependency;
			package = 2869666D2B5D41EA0092BF67 /* XCRemoteSwiftPackageReference "firebase-ios-sdk" */;
			productName = FirebaseFirestoreSwift;
		};
		2869668C2B5D41EA0092BF67 /* FirebaseFunctions */ = {
			isa = XCSwiftPackageProductDependency;
			package = 2869666D2B5D41EA0092BF67 /* XCRemoteSwiftPackageReference "firebase-ios-sdk" */;
			productName = FirebaseFunctions;
		};
		2869668E2B5D41EA0092BF67 /* FirebaseFunctionsCombine-Community */ = {
			isa = XCSwiftPackageProductDependency;
			package = 2869666D2B5D41EA0092BF67 /* XCRemoteSwiftPackageReference "firebase-ios-sdk" */;
			productName = "FirebaseFunctionsCombine-Community";
		};
		286966902B5D41EA0092BF67 /* FirebaseInAppMessaging-Beta */ = {
			isa = XCSwiftPackageProductDependency;
			package = 2869666D2B5D41EA0092BF67 /* XCRemoteSwiftPackageReference "firebase-ios-sdk" */;
			productName = "FirebaseInAppMessaging-Beta";
		};
		286966922B5D41EA0092BF67 /* FirebaseInAppMessagingSwift-Beta */ = {
			isa = XCSwiftPackageProductDependency;
			package = 2869666D2B5D41EA0092BF67 /* XCRemoteSwiftPackageReference "firebase-ios-sdk" */;
			productName = "FirebaseInAppMessagingSwift-Beta";
		};
		286966942B5D41EA0092BF67 /* FirebaseInstallations */ = {
			isa = XCSwiftPackageProductDependency;
			package = 2869666D2B5D41EA0092BF67 /* XCRemoteSwiftPackageReference "firebase-ios-sdk" */;
			productName = FirebaseInstallations;
		};
		286966962B5D41EA0092BF67 /* FirebaseMLModelDownloader */ = {
			isa = XCSwiftPackageProductDependency;
			package = 2869666D2B5D41EA0092BF67 /* XCRemoteSwiftPackageReference "firebase-ios-sdk" */;
			productName = FirebaseMLModelDownloader;
		};
		286966982B5D41EA0092BF67 /* FirebaseMessaging */ = {
			isa = XCSwiftPackageProductDependency;
			package = 2869666D2B5D41EA0092BF67 /* XCRemoteSwiftPackageReference "firebase-ios-sdk" */;
			productName = FirebaseMessaging;
		};
		2869669A2B5D41EA0092BF67 /* FirebasePerformance */ = {
			isa = XCSwiftPackageProductDependency;
			package = 2869666D2B5D41EA0092BF67 /* XCRemoteSwiftPackageReference "firebase-ios-sdk" */;
			productName = FirebasePerformance;
		};
		2869669C2B5D41EA0092BF67 /* FirebaseRemoteConfig */ = {
			isa = XCSwiftPackageProductDependency;
			package = 2869666D2B5D41EA0092BF67 /* XCRemoteSwiftPackageReference "firebase-ios-sdk" */;
			productName = FirebaseRemoteConfig;
		};
		2869669E2B5D41EA0092BF67 /* FirebaseRemoteConfigSwift */ = {
			isa = XCSwiftPackageProductDependency;
			package = 2869666D2B5D41EA0092BF67 /* XCRemoteSwiftPackageReference "firebase-ios-sdk" */;
			productName = FirebaseRemoteConfigSwift;
		};
		286966A02B5D41EA0092BF67 /* FirebaseStorage */ = {
			isa = XCSwiftPackageProductDependency;
			package = 2869666D2B5D41EA0092BF67 /* XCRemoteSwiftPackageReference "firebase-ios-sdk" */;
			productName = FirebaseStorage;
		};
		286966A22B5D41EA0092BF67 /* FirebaseStorageCombine-Community */ = {
			isa = XCSwiftPackageProductDependency;
			package = 2869666D2B5D41EA0092BF67 /* XCRemoteSwiftPackageReference "firebase-ios-sdk" */;
			productName = "FirebaseStorageCombine-Community";
		};
/* End XCSwiftPackageProductDependency section */
	};
	rootObject = 285DE0B02B597499002D7E7B /* Project object */;
}
